
Microsoft Visual Studio Solution File, Format Version 12.00
# Visual Studio Version 16
VisualStudioVersion = 16.0.30204.135
MinimumVisualStudioVersion = 10.0.40219.1
Project("{FAE04EC0-301F-11D3-BF4B-00C04F79EFBC}") = "AzureFunctionBugReproRepo", "AzureFunctionBugReproRepo.csproj", "{4D45DF8E-A922-4DCB-A6B5-1E0813FD3FE9}"
EndProject
Project("{FAE04EC0-301F-11D3-BF4B-00C04F79EFBC}") = "ClassLibrary1", "..\ClassLibrary1\ClassLibrary1.csproj", "{006BA0EB-87AF-4FD8-B9F9-3208FC9EFB6E}"
EndProject
Global
	GlobalSection(SolutionConfigurationPlatforms) = preSolution
		Debug|Any CPU = Debug|Any CPU
		Release|Any CPU = Release|Any CPU
	EndGlobalSection
	GlobalSection(ProjectConfigurationPlatforms) = postSolution
		{4D45DF8E-A922-4DCB-A6B5-1E0813FD3FE9}.Debug|Any CPU.ActiveCfg = Debug|Any CPU
		{4D45DF8E-A922-4DCB-A6B5-1E0813FD3FE9}.Debug|Any CPU.Build.0 = Debug|Any CPU
		{4D45DF8E-A922-4DCB-A6B5-1E0813FD3FE9}.Release|Any CPU.ActiveCfg = Release|Any CPU
		{4D45DF8E-A922-4DCB-A6B5-1E0813FD3FE9}.Release|Any CPU.Build.0 = Release|Any CPU
		{006BA0EB-87AF-4FD8-B9F9-3208FC9EFB6E}.Debug|Any CPU.ActiveCfg = Debug|Any CPU
		{006BA0EB-87AF-4FD8-B9F9-3208FC9EFB6E}.Debug|Any CPU.Build.0 = Debug|Any CPU
		{006BA0EB-87AF-4FD8-B9F9-3208FC9EFB6E}.Release|Any CPU.ActiveCfg = Release|Any CPU
		{006BA0EB-87AF-4FD8-B9F9-3208FC9EFB6E}.Release|Any CPU.Build.0 = Release|Any CPU
	EndGlobalSection
	GlobalSection(SolutionProperties) = preSolution
		HideSolutionNode = FALSE
	EndGlobalSection
	GlobalSection(ExtensibilityGlobals) = postSolution
		SolutionGuid = {9D90775E-0813-4B33-A85B-C77800B5AFC5}
	EndGlobalSection
EndGlobal
